{
  "version": "5",
  "specifiers": {
    "jsr:@hono/hono@^4.11.3": "4.11.3",
    "jsr:@std/assert@1": "1.0.16",
    "jsr:@std/internal@^1.0.12": "1.0.12"
  },
  "jsr": {
    "@hono/hono@4.11.3": {
      "integrity": "de7f245516a970c60c6f4bf5b0f1585efbee38ee4e01171994c2b9d69d035d70"
    },
    "@std/assert@1.0.16": {
      "integrity": "6a7272ed1eaa77defe76e5ff63ca705d9c495077e2d5fd0126d2b53fc5bd6532",
      "dependencies": [
        "jsr:@std/internal"
      ]
    },
    "@std/internal@1.0.12": {
      "integrity": "972a634fd5bc34b242024402972cd5143eac68d8dffaca5eaa4dba30ce17b027"
    }
  },
  "workspace": {
    "dependencies": [
      "jsr:@hono/hono@^4.11.3",
      "jsr:@std/assert@1"
    ]
  }
}
